<Solution>
  <Folder Name="/Projektmappenelemente/">
    <File Path=".gitignore" />
    <File Path="Konzept RaceTimer.odt" />
  </Folder>
  <Project Path="RaceTimerClient.UI/RaceTimerClient.UI.csproj" />
  <Project Path="RaceTimerClient/RaceTimerClient.csproj" />
  <Project Path="RaceTimerMaui/RaceTimerMaui.csproj" />
  <Project Path="RaceTimerServer/RaceTimerServer.csproj" />
  <Project Path="RaceTimerShared/RaceTimerShared.csproj" />
</Solution>
